
Microsoft Visual Studio Solution File, Format Version 12.00
# Visual Studio Version 17
VisualStudioVersion = 17.14.36717.8 d17.14
MinimumVisualStudioVersion = 10.0.40219.1
Project("{8BC9CEB8-8B4A-11D0-8D11-00A0C91BC942}") = "class_28_11_25", "class_28_11_25\class_28_11_25.vcxproj", "{186CF34F-BDE0-41FF-9705-BC8EF8FDB37D}"
EndProject
Global
	GlobalSection(SolutionConfigurationPlatforms) = preSolution
		Debug|x64 = Debug|x64
		Debug|x86 = Debug|x86
		Release|x64 = Release|x64
		Release|x86 = Release|x86
	EndGlobalSection
	GlobalSection(ProjectConfigurationPlatforms) = postSolution
		{186CF34F-BDE0-41FF-9705-BC8EF8FDB37D}.Debug|x64.ActiveCfg = Debug|x64
		{186CF34F-BDE0-41FF-9705-BC8EF8FDB37D}.Debug|x64.Build.0 = Debug|x64
		{186CF34F-BDE0-41FF-9705-BC8EF8FDB37D}.Debug|x86.ActiveCfg = Debug|Win32
		{186CF34F-BDE0-41FF-9705-BC8EF8FDB37D}.Debug|x86.Build.0 = Debug|Win32
		{186CF34F-BDE0-41FF-9705-BC8EF8FDB37D}.Release|x64.ActiveCfg = Release|x64
		{186CF34F-BDE0-41FF-9705-BC8EF8FDB37D}.Release|x64.Build.0 = Release|x64
		{186CF34F-BDE0-41FF-9705-BC8EF8FDB37D}.Release|x86.ActiveCfg = Release|Win32
		{186CF34F-BDE0-41FF-9705-BC8EF8FDB37D}.Release|x86.Build.0 = Release|Win32
	EndGlobalSection
	GlobalSection(SolutionProperties) = preSolution
		HideSolutionNode = FALSE
	EndGlobalSection
	GlobalSection(ExtensibilityGlobals) = postSolution
		SolutionGuid = {CD8FFC9D-2395-401F-A274-29576DC31106}
	EndGlobalSection
EndGlobal
