
Microsoft Visual Studio Solution File, Format Version 12.00
# Visual Studio Version 17
VisualStudioVersion = 17.14.36717.8 d17.14
MinimumVisualStudioVersion = 10.0.40219.1
Project("{8BC9CEB8-8B4A-11D0-8D11-00A0C91BC942}") = "home_11_02_26", "home_11_02_26\home_11_02_26.vcxproj", "{81AE7478-AA2F-47BB-B869-5BF97F881225}"
EndProject
Global
	GlobalSection(SolutionConfigurationPlatforms) = preSolution
		Debug|x64 = Debug|x64
		Debug|x86 = Debug|x86
		Release|x64 = Release|x64
		Release|x86 = Release|x86
	EndGlobalSection
	GlobalSection(ProjectConfigurationPlatforms) = postSolution
		{81AE7478-AA2F-47BB-B869-5BF97F881225}.Debug|x64.ActiveCfg = Debug|x64
		{81AE7478-AA2F-47BB-B869-5BF97F881225}.Debug|x64.Build.0 = Debug|x64
		{81AE7478-AA2F-47BB-B869-5BF97F881225}.Debug|x86.ActiveCfg = Debug|Win32
		{81AE7478-AA2F-47BB-B869-5BF97F881225}.Debug|x86.Build.0 = Debug|Win32
		{81AE7478-AA2F-47BB-B869-5BF97F881225}.Release|x64.ActiveCfg = Release|x64
		{81AE7478-AA2F-47BB-B869-5BF97F881225}.Release|x64.Build.0 = Release|x64
		{81AE7478-AA2F-47BB-B869-5BF97F881225}.Release|x86.ActiveCfg = Release|Win32
		{81AE7478-AA2F-47BB-B869-5BF97F881225}.Release|x86.Build.0 = Release|Win32
	EndGlobalSection
	GlobalSection(SolutionProperties) = preSolution
		HideSolutionNode = FALSE
	EndGlobalSection
	GlobalSection(ExtensibilityGlobals) = postSolution
		SolutionGuid = {83946957-A4F3-4939-85DA-14B991941000}
	EndGlobalSection
EndGlobal
