
Microsoft Visual Studio Solution File, Format Version 12.00
# Visual Studio Version 17
VisualStudioVersion = 17.14.36717.8 d17.14
MinimumVisualStudioVersion = 10.0.40219.1
Project("{8BC9CEB8-8B4A-11D0-8D11-00A0C91BC942}") = "class_11_12_25", "class_11_12_25\class_11_12_25.vcxproj", "{BA7F8FEE-65F8-4557-A3CD-397BDB524770}"
EndProject
Global
	GlobalSection(SolutionConfigurationPlatforms) = preSolution
		Debug|x64 = Debug|x64
		Debug|x86 = Debug|x86
		Release|x64 = Release|x64
		Release|x86 = Release|x86
	EndGlobalSection
	GlobalSection(ProjectConfigurationPlatforms) = postSolution
		{BA7F8FEE-65F8-4557-A3CD-397BDB524770}.Debug|x64.ActiveCfg = Debug|x64
		{BA7F8FEE-65F8-4557-A3CD-397BDB524770}.Debug|x64.Build.0 = Debug|x64
		{BA7F8FEE-65F8-4557-A3CD-397BDB524770}.Debug|x86.ActiveCfg = Debug|Win32
		{BA7F8FEE-65F8-4557-A3CD-397BDB524770}.Debug|x86.Build.0 = Debug|Win32
		{BA7F8FEE-65F8-4557-A3CD-397BDB524770}.Release|x64.ActiveCfg = Release|x64
		{BA7F8FEE-65F8-4557-A3CD-397BDB524770}.Release|x64.Build.0 = Release|x64
		{BA7F8FEE-65F8-4557-A3CD-397BDB524770}.Release|x86.ActiveCfg = Release|Win32
		{BA7F8FEE-65F8-4557-A3CD-397BDB524770}.Release|x86.Build.0 = Release|Win32
	EndGlobalSection
	GlobalSection(SolutionProperties) = preSolution
		HideSolutionNode = FALSE
	EndGlobalSection
	GlobalSection(ExtensibilityGlobals) = postSolution
		SolutionGuid = {8190C493-0CDB-44A5-8265-348CD67D0BB9}
	EndGlobalSection
EndGlobal
